
Microsoft Visual Studio Solution File, Format Version 12.00
# Visual Studio Version 17
VisualStudioVersion = 17.0.31903.59
MinimumVisualStudioVersion = 10.0.40219.1
Project("{2150E333-8FDC-42A3-9474-1A3956D46DE8}") = "samples", "samples", "{5D20AA90-6969-D8BD-9DCD-8634F4692FDA}"
EndProject
Project("{FAE04EC0-301F-11D3-BF4B-00C04F79EFBC}") = "ConsumerApi", "samples\ConsumerApi\ConsumerApi.csproj", "{388BEBE6-D911-413E-BFC8-41612160669E}"
EndProject
Project("{FAE04EC0-301F-11D3-BF4B-00C04F79EFBC}") = "RoBrosAddressesService", "src\RoBrosAddressesService.csproj", "{69DA22DE-B36D-4FCA-B63C-7385F3FF66A1}"
EndProject
Project("{FAE04EC0-301F-11D3-BF4B-00C04F79EFBC}") = "RoBrosAddressesService.Tests", "tests\RoBrosAddressesService.Tests.csproj", "{20F25760-5E5E-431B-9797-A6729B9788BB}"
EndProject
Global
	GlobalSection(SolutionConfigurationPlatforms) = preSolution
		Debug|Any CPU = Debug|Any CPU
		Debug|x64 = Debug|x64
		Debug|x86 = Debug|x86
		Release|Any CPU = Release|Any CPU
		Release|x64 = Release|x64
		Release|x86 = Release|x86
	EndGlobalSection
	GlobalSection(ProjectConfigurationPlatforms) = postSolution
		{388BEBE6-D911-413E-BFC8-41612160669E}.Debug|Any CPU.ActiveCfg = Debug|Any CPU
		{388BEBE6-D911-413E-BFC8-41612160669E}.Debug|Any CPU.Build.0 = Debug|Any CPU
		{388BEBE6-D911-413E-BFC8-41612160669E}.Debug|x64.ActiveCfg = Debug|Any CPU
		{388BEBE6-D911-413E-BFC8-41612160669E}.Debug|x64.Build.0 = Debug|Any CPU
		{388BEBE6-D911-413E-BFC8-41612160669E}.Debug|x86.ActiveCfg = Debug|Any CPU
		{388BEBE6-D911-413E-BFC8-41612160669E}.Debug|x86.Build.0 = Debug|Any CPU
		{388BEBE6-D911-413E-BFC8-41612160669E}.Release|Any CPU.ActiveCfg = Release|Any CPU
		{388BEBE6-D911-413E-BFC8-41612160669E}.Release|Any CPU.Build.0 = Release|Any CPU
		{388BEBE6-D911-413E-BFC8-41612160669E}.Release|x64.ActiveCfg = Release|Any CPU
		{388BEBE6-D911-413E-BFC8-41612160669E}.Release|x64.Build.0 = Release|Any CPU
		{388BEBE6-D911-413E-BFC8-41612160669E}.Release|x86.ActiveCfg = Release|Any CPU
		{388BEBE6-D911-413E-BFC8-41612160669E}.Release|x86.Build.0 = Release|Any CPU
		{69DA22DE-B36D-4FCA-B63C-7385F3FF66A1}.Debug|Any CPU.ActiveCfg = Debug|Any CPU
		{69DA22DE-B36D-4FCA-B63C-7385F3FF66A1}.Debug|Any CPU.Build.0 = Debug|Any CPU
		{69DA22DE-B36D-4FCA-B63C-7385F3FF66A1}.Debug|x64.ActiveCfg = Debug|Any CPU
		{69DA22DE-B36D-4FCA-B63C-7385F3FF66A1}.Debug|x64.Build.0 = Debug|Any CPU
		{69DA22DE-B36D-4FCA-B63C-7385F3FF66A1}.Debug|x86.ActiveCfg = Debug|Any CPU
		{69DA22DE-B36D-4FCA-B63C-7385F3FF66A1}.Debug|x86.Build.0 = Debug|Any CPU
		{69DA22DE-B36D-4FCA-B63C-7385F3FF66A1}.Release|Any CPU.ActiveCfg = Release|Any CPU
		{69DA22DE-B36D-4FCA-B63C-7385F3FF66A1}.Release|Any CPU.Build.0 = Release|Any CPU
		{69DA22DE-B36D-4FCA-B63C-7385F3FF66A1}.Release|x64.ActiveCfg = Release|Any CPU
		{69DA22DE-B36D-4FCA-B63C-7385F3FF66A1}.Release|x64.Build.0 = Release|Any CPU
		{69DA22DE-B36D-4FCA-B63C-7385F3FF66A1}.Release|x86.ActiveCfg = Release|Any CPU
		{69DA22DE-B36D-4FCA-B63C-7385F3FF66A1}.Release|x86.Build.0 = Release|Any CPU
		{20F25760-5E5E-431B-9797-A6729B9788BB}.Debug|Any CPU.ActiveCfg = Debug|Any CPU
		{20F25760-5E5E-431B-9797-A6729B9788BB}.Debug|Any CPU.Build.0 = Debug|Any CPU
		{20F25760-5E5E-431B-9797-A6729B9788BB}.Debug|x64.ActiveCfg = Debug|Any CPU
		{20F25760-5E5E-431B-9797-A6729B9788BB}.Debug|x64.Build.0 = Debug|Any CPU
		{20F25760-5E5E-431B-9797-A6729B9788BB}.Debug|x86.ActiveCfg = Debug|Any CPU
		{20F25760-5E5E-431B-9797-A6729B9788BB}.Debug|x86.Build.0 = Debug|Any CPU
		{20F25760-5E5E-431B-9797-A6729B9788BB}.Release|Any CPU.ActiveCfg = Release|Any CPU
		{20F25760-5E5E-431B-9797-A6729B9788BB}.Release|Any CPU.Build.0 = Release|Any CPU
		{20F25760-5E5E-431B-9797-A6729B9788BB}.Release|x64.ActiveCfg = Release|Any CPU
		{20F25760-5E5E-431B-9797-A6729B9788BB}.Release|x64.Build.0 = Release|Any CPU
		{20F25760-5E5E-431B-9797-A6729B9788BB}.Release|x86.ActiveCfg = Release|Any CPU
		{20F25760-5E5E-431B-9797-A6729B9788BB}.Release|x86.Build.0 = Release|Any CPU
	EndGlobalSection
	GlobalSection(SolutionProperties) = preSolution
		HideSolutionNode = FALSE
	EndGlobalSection
	GlobalSection(NestedProjects) = preSolution
		{388BEBE6-D911-413E-BFC8-41612160669E} = {5D20AA90-6969-D8BD-9DCD-8634F4692FDA}
		{69DA22DE-B36D-4FCA-B63C-7385F3FF66A1} = {5D20AA90-6969-D8BD-9DCD-8634F4692FDA}
		{20F25760-5E5E-431B-9797-A6729B9788BB} = {5D20AA90-6969-D8BD-9DCD-8634F4692FDA}
	EndGlobalSection
EndGlobal
